
Microsoft Visual Studio Solution File, Format Version 12.00
# Visual Studio Version 17
VisualStudioVersion = 17.13.35931.197 d17.13
MinimumVisualStudioVersion = 10.0.40219.1
Project("{FAE04EC0-301F-11D3-BF4B-00C04F79EFBC}") = "TextRPG", "TextRPG\TextRPG.csproj", "{5AF96D63-2CA8-42AB-85CF-F8CD38762279}"
EndProject
Global
	GlobalSection(SolutionConfigurationPlatforms) = preSolution
		Debug|Any CPU = Debug|Any CPU
		Release|Any CPU = Release|Any CPU
	EndGlobalSection
	GlobalSection(ProjectConfigurationPlatforms) = postSolution
		{5AF96D63-2CA8-42AB-85CF-F8CD38762279}.Debug|Any CPU.ActiveCfg = Debug|Any CPU
		{5AF96D63-2CA8-42AB-85CF-F8CD38762279}.Debug|Any CPU.Build.0 = Debug|Any CPU
		{5AF96D63-2CA8-42AB-85CF-F8CD38762279}.Release|Any CPU.ActiveCfg = Release|Any CPU
		{5AF96D63-2CA8-42AB-85CF-F8CD38762279}.Release|Any CPU.Build.0 = Release|Any CPU
	EndGlobalSection
	GlobalSection(SolutionProperties) = preSolution
		HideSolutionNode = FALSE
	EndGlobalSection
	GlobalSection(ExtensibilityGlobals) = postSolution
		SolutionGuid = {582897FD-F301-44B4-8FBC-4281F41B13C7}
	EndGlobalSection
EndGlobal
